// !$*UTF8*$!
{
	archiveVersion = 1;
	classes = {
	};
	objectVersion = 46;
	objects = {

/* Begin PBXBuildFile section */
		04CF54DB1C4768A5000BE58D /* AppDelegate.swift in Sources */ = {isa = PBXBuildFile; fileRef = 04CF54DA1C4768A5000BE58D /* AppDelegate.swift */; };
		04CF54E01C4768A5000BE58D /* Main.storyboard in Resources */ = {isa = PBXBuildFile; fileRef = 04CF54DE1C4768A5000BE58D /* Main.storyboard */; };
		04CF54E21C4768A5000BE58D /* Assets.xcassets in Resources */ = {isa = PBXBuildFile; fileRef = 04CF54E11C4768A5000BE58D /* Assets.xcassets */; };
		04CF54E51C4768A5000BE58D /* LaunchScreen.storyboard in Resources */ = {isa = PBXBuildFile; fileRef = 04CF54E31C4768A5000BE58D /* LaunchScreen.storyboard */; };
		04EEE3AD1C476E6C00222A3E /* MoviesViewController.swift in Sources */ = {isa = PBXBuildFile; fileRef = 04EEE3AC1C476E6C00222A3E /* MoviesViewController.swift */; };
		04EEE3AF1C4772DE00222A3E /* MovieCell.swift in Sources */ = {isa = PBXBuildFile; fileRef = 04EEE3AE1C4772DE00222A3E /* MovieCell.swift */; };
		04EEE3B51C48C68100222A3E /* Movie.swift in Sources */ = {isa = PBXBuildFile; fileRef = 04EEE3B41C48C68100222A3E /* Movie.swift */; };
		04EEE3FA1C53714B00222A3E /* MovieCollectionViewCell.swift in Sources */ = {isa = PBXBuildFile; fileRef = 04EEE3F91C53714B00222A3E /* MovieCollectionViewCell.swift */; };
		04EEE3FC1C53915400222A3E /* UIImageViewExtensions.swift in Sources */ = {isa = PBXBuildFile; fileRef = 04EEE3FB1C53915400222A3E /* UIImageViewExtensions.swift */; };
		04EEE3FE1C53933D00222A3E /* DetailViewController.swift in Sources */ = {isa = PBXBuildFile; fileRef = 04EEE3FD1C53933D00222A3E /* DetailViewController.swift */; };
		04EEE4081C5444A100222A3E /* flicks-font-v2.ttf in Resources */ = {isa = PBXBuildFile; fileRef = 04EEE4071C5444A100222A3E /* flicks-font-v2.ttf */; };
		04EEE40B1C54C45F00222A3E /* Colors.swift in Sources */ = {isa = PBXBuildFile; fileRef = 04EEE40A1C54C45F00222A3E /* Colors.swift */; };
		4ED9E64CD3A82E08B9289E54 /* Pods_Flicks.framework in Frameworks */ = {isa = PBXBuildFile; fileRef = 56581D0094A412E562F1A79E /* Pods_Flicks.framework */; };
/* End PBXBuildFile section */

/* Begin PBXFileReference section */
		04CF54D71C4768A5000BE58D /* Flicks.app */ = {isa = PBXFileReference; explicitFileType = wrapper.application; includeInIndex = 0; path = Flicks.app; sourceTree = BUILT_PRODUCTS_DIR; };
		04CF54DA1C4768A5000BE58D /* AppDelegate.swift */ = {isa = PBXFileReference; lastKnownFileType = sourcecode.swift; path = AppDelegate.swift; sourceTree = "<group>"; };
		04CF54DF1C4768A5000BE58D /* Base */ = {isa = PBXFileReference; lastKnownFileType = file.storyboard; name = Base; path = Base.lproj/Main.storyboard; sourceTree = "<group>"; };
		04CF54E11C4768A5000BE58D /* Assets.xcassets */ = {isa = PBXFileReference; lastKnownFileType = folder.assetcatalog; path = Assets.xcassets; sourceTree = "<group>"; };
		04CF54E41C4768A5000BE58D /* Base */ = {isa = PBXFileReference; lastKnownFileType = file.storyboard; name = Base; path = Base.lproj/LaunchScreen.storyboard; sourceTree = "<group>"; };
		04CF54E61C4768A5000BE58D /* Info.plist */ = {isa = PBXFileReference; lastKnownFileType = text.plist.xml; path = Info.plist; sourceTree = "<group>"; };
		04EEE3AC1C476E6C00222A3E /* MoviesViewController.swift */ = {isa = PBXFileReference; fileEncoding = 4; lastKnownFileType = sourcecode.swift; path = MoviesViewController.swift; sourceTree = "<group>"; };
		04EEE3AE1C4772DE00222A3E /* MovieCell.swift */ = {isa = PBXFileReference; fileEncoding = 4; lastKnownFileType = sourcecode.swift; path = MovieCell.swift; sourceTree = "<group>"; };
		04EEE3B41C48C68100222A3E /* Movie.swift */ = {isa = PBXFileReference; fileEncoding = 4; lastKnownFileType = sourcecode.swift; path = Movie.swift; sourceTree = "<group>"; };
		04EEE3F91C53714B00222A3E /* MovieCollectionViewCell.swift */ = {isa = PBXFileReference; fileEncoding = 4; lastKnownFileType = sourcecode.swift; path = MovieCollectionViewCell.swift; sourceTree = "<group>"; };
		04EEE3FB1C53915400222A3E /* UIImageViewExtensions.swift */ = {isa = PBXFileReference; fileEncoding = 4; lastKnownFileType = sourcecode.swift; path = UIImageViewExtensions.swift; sourceTree = "<group>"; };
		04EEE3FD1C53933D00222A3E /* DetailViewController.swift */ = {isa = PBXFileReference; fileEncoding = 4; lastKnownFileType = sourcecode.swift; path = DetailViewController.swift; sourceTree = "<group>"; };
		04EEE4071C5444A100222A3E /* flicks-font-v2.ttf */ = {isa = PBXFileReference; lastKnownFileType = file; path = "flicks-font-v2.ttf"; sourceTree = "<group>"; };
		04EEE40A1C54C45F00222A3E /* Colors.swift */ = {isa = PBXFileReference; fileEncoding = 4; lastKnownFileType = sourcecode.swift; path = Colors.swift; sourceTree = "<group>"; };
		0AA1526A71B6182CE9796ADA /* Pods-Flicks.debug.xcconfig */ = {isa = PBXFileReference; includeInIndex = 1; lastKnownFileType = text.xcconfig; name = "Pods-Flicks.debug.xcconfig"; path = "Pods/Target Support Files/Pods-Flicks/Pods-Flicks.debug.xcconfig"; sourceTree = "<group>"; };
		56581D0094A412E562F1A79E /* Pods_Flicks.framework */ = {isa = PBXFileReference; explicitFileType = wrapper.framework; includeInIndex = 0; path = Pods_Flicks.framework; sourceTree = BUILT_PRODUCTS_DIR; };
		E4239C024D1B41A57848986A /* Pods-Flicks.release.xcconfig */ = {isa = PBXFileReference; includeInIndex = 1; lastKnownFileType = text.xcconfig; name = "Pods-Flicks.release.xcconfig"; path = "Pods/Target Support Files/Pods-Flicks/Pods-Flicks.release.xcconfig"; sourceTree = "<group>"; };
/* End PBXFileReference section */

/* Begin PBXFrameworksBuildPhase section */
		04CF54D41C4768A5000BE58D /* Frameworks */ = {
			isa = PBXFrameworksBuildPhase;
			buildActionMask = 2147483647;
			files = (
				4ED9E64CD3A82E08B9289E54 /* Pods_Flicks.framework in Frameworks */,
			);
			runOnlyForDeploymentPostprocessing = 0;
		};
/* End PBXFrameworksBuildPhase section */

/* Begin PBXGroup section */
		04CF54CE1C4768A5000BE58D = {
			isa = PBXGroup;
			children = (
				04CF54D91C4768A5000BE58D /* Flicks */,
				04CF54D81C4768A5000BE58D /* Products */,
				841D99CC6FC891276BE63C41 /* Pods */,
				DDA1A2C6037FF6C5838D11A6 /* Frameworks */,
			);
			sourceTree = "<group>";
		};
		04CF54D81C4768A5000BE58D /* Products */ = {
			isa = PBXGroup;
			children = (
				04CF54D71C4768A5000BE58D /* Flicks.app */,
			);
			name = Products;
			sourceTree = "<group>";
		};
		04CF54D91C4768A5000BE58D /* Flicks */ = {
			isa = PBXGroup;
			children = (
				04EEE4091C54C43F00222A3E /* appearance */,
				04EEE3B61C48CFFC00222A3E /* views */,
				04EEE3B11C47FB3400222A3E /* viewcontrollers */,
				04EEE3B01C47FB2500222A3E /* models */,
				04CF54DA1C4768A5000BE58D /* AppDelegate.swift */,
				04CF54DE1C4768A5000BE58D /* Main.storyboard */,
				04CF54E11C4768A5000BE58D /* Assets.xcassets */,
				04CF54E31C4768A5000BE58D /* LaunchScreen.storyboard */,
				04CF54E61C4768A5000BE58D /* Info.plist */,
			);
			path = Flicks;
			sourceTree = "<group>";
		};
		04EEE3B01C47FB2500222A3E /* models */ = {
			isa = PBXGroup;
			children = (
				04EEE3B41C48C68100222A3E /* Movie.swift */,
			);
			name = models;
			sourceTree = "<group>";
		};
		04EEE3B11C47FB3400222A3E /* viewcontrollers */ = {
			isa = PBXGroup;
			children = (
				04EEE3AC1C476E6C00222A3E /* MoviesViewController.swift */,
				04EEE3FD1C53933D00222A3E /* DetailViewController.swift */,
			);
			name = viewcontrollers;
			sourceTree = "<group>";
		};
		04EEE3B61C48CFFC00222A3E /* views */ = {
			isa = PBXGroup;
			children = (
				04EEE3AE1C4772DE00222A3E /* MovieCell.swift */,
				04EEE3F91C53714B00222A3E /* MovieCollectionViewCell.swift */,
			);
			name = views;
			sourceTree = "<group>";
		};
		04EEE4091C54C43F00222A3E /* appearance */ = {
			isa = PBXGroup;
			children = (
				04EEE4071C5444A100222A3E /* flicks-font-v2.ttf */,
				04EEE3FB1C53915400222A3E /* UIImageViewExtensions.swift */,
				04EEE40A1C54C45F00222A3E /* Colors.swift */,
			);
			name = appearance;
			sourceTree = "<group>";
		};
		841D99CC6FC891276BE63C41 /* Pods */ = {
			isa = PBXGroup;
			children = (
				0AA1526A71B6182CE9796ADA /* Pods-Flicks.debug.xcconfig */,
				E4239C024D1B41A57848986A /* Pods-Flicks.release.xcconfig */,
			);
			name = Pods;
			sourceTree = "<group>";
		};
		DDA1A2C6037FF6C5838D11A6 /* Frameworks */ = {
			isa = PBXGroup;
			children = (
				56581D0094A412E562F1A79E /* Pods_Flicks.framework */,
			);
			name = Frameworks;
			sourceTree = "<group>";
		};
/* End PBXGroup section */

/* Begin PBXNativeTarget section */
		04CF54D61C4768A5000BE58D /* Flicks */ = {
			isa = PBXNativeTarget;
			buildConfigurationList = 04CF54E91C4768A5000BE58D /* Build configuration list for PBXNativeTarget "Flicks" */;
			buildPhases = (
				E6E4629548E266AEC4510240 /* Check Pods Manifest.lock */,
				04CF54D31C4768A5000BE58D /* Sources */,
				04CF54D41C4768A5000BE58D /* Frameworks */,
				04CF54D51C4768A5000BE58D /* Resources */,
				B6297326B4D240C726952866 /* Embed Pods Frameworks */,
				A21E9FD892CF27D12ADC900F /* Copy Pods Resources */,
			);
			buildRules = (
			);
			dependencies = (
			);
			name = Flicks;
			productName = Flicks;
			productReference = 04CF54D71C4768A5000BE58D /* Flicks.app */;
			productType = "com.apple.product-type.application";
		};
/* End PBXNativeTarget section */

/* Begin PBXProject section */
		04CF54CF1C4768A5000BE58D /* Project object */ = {
			isa = PBXProject;
			attributes = {
				LastSwiftUpdateCheck = 0720;
				LastUpgradeCheck = 0720;
				ORGANIZATIONNAME = udaymitra;
				TargetAttributes = {
					04CF54D61C4768A5000BE58D = {
						CreatedOnToolsVersion = 7.2;
					};
				};
			};
			buildConfigurationList = 04CF54D21C4768A5000BE58D /* Build configuration list for PBXProject "Flicks" */;
			compatibilityVersion = "Xcode 3.2";
			developmentRegion = English;
			hasScannedForEncodings = 0;
			knownRegions = (
				en,
				Base,
			);
			mainGroup = 04CF54CE1C4768A5000BE58D;
			productRefGroup = 04CF54D81C4768A5000BE58D /* Products */;
			projectDirPath = "";
			projectRoot = "";
			targets = (
				04CF54D61C4768A5000BE58D /* Flicks */,
			);
		};
/* End PBXProject section */

/* Begin PBXResourcesBuildPhase section */
		04CF54D51C4768A5000BE58D /* Resources */ = {
			isa = PBXResourcesBuildPhase;
			buildActionMask = 2147483647;
			files = (
				04CF54E51C4768A5000BE58D /* LaunchScreen.storyboard in Resources */,
				04CF54E21C4768A5000BE58D /* Assets.xcassets in Resources */,
				04CF54E01C4768A5000BE58D /* Main.storyboard in Resources */,
				04EEE4081C5444A100222A3E /* flicks-font-v2.ttf in Resources */,
			);
			runOnlyForDeploymentPostprocessing = 0;
		};
/* End PBXResourcesBuildPhase section */

/* Begin PBXShellScriptBuildPhase section */
		A21E9FD892CF27D12ADC900F /* Copy Pods Resources */ = {
			isa = PBXShellScriptBuildPhase;
			buildActionMask = 2147483647;
			files = (
			);
			inputPaths = (
			);
			name = "Copy Pods Resources";
			outputPaths = (
			);
			runOnlyForDeploymentPostprocessing = 0;
			shellPath = /bin/sh;
			shellScript = "\"${SRCROOT}/Pods/Target Support Files/Pods-Flicks/Pods-Flicks-resources.sh\"\n";
			showEnvVarsInLog = 0;
		};
		B6297326B4D240C726952866 /* Embed Pods Frameworks */ = {
			isa = PBXShellScriptBuildPhase;
			buildActionMask = 2147483647;
			files = (
			);
			inputPaths = (
			);
			name = "Embed Pods Frameworks";
			outputPaths = (
			);
			runOnlyForDeploymentPostprocessing = 0;
			shellPath = /bin/sh;
			shellScript = "\"${SRCROOT}/Pods/Target Support Files/Pods-Flicks/Pods-Flicks-frameworks.sh\"\n";
			showEnvVarsInLog = 0;
		};
		E6E4629548E266AEC4510240 /* Check Pods Manifest.lock */ = {
			isa = PBXShellScriptBuildPhase;
			buildActionMask = 2147483647;
			files = (
			);
			inputPaths = (
			);
			name = "Check Pods Manifest.lock";
			outputPaths = (
			);
			runOnlyForDeploymentPostprocessing = 0;
			shellPath = /bin/sh;
			shellScript = "diff \"${PODS_ROOT}/../Podfile.lock\" \"${PODS_ROOT}/Manifest.lock\" > /dev/null\nif [[ $? != 0 ]] ; then\n    cat << EOM\nerror: The sandbox is not in sync with the Podfile.lock. Run 'pod install' or update your CocoaPods installation.\nEOM\n    exit 1\nfi\n";
			showEnvVarsInLog = 0;
		};
/* End PBXShellScriptBuildPhase section */

/* Begin PBXSourcesBuildPhase section */
		04CF54D31C4768A5000BE58D /* Sources */ = {
			isa = PBXSourcesBuildPhase;
			buildActionMask = 2147483647;
			files = (
				04CF54DB1C4768A5000BE58D /* AppDelegate.swift in Sources */,
				04EEE3AD1C476E6C00222A3E /* MoviesViewController.swift in Sources */,
				04EEE3FA1C53714B00222A3E /* MovieCollectionViewCell.swift in Sources */,
				04EEE3AF1C4772DE00222A3E /* MovieCell.swift in Sources */,
				04EEE3FC1C53915400222A3E /* UIImageViewExtensions.swift in Sources */,
				04EEE3B51C48C68100222A3E /* Movie.swift in Sources */,
				04EEE3FE1C53933D00222A3E /* DetailViewController.swift in Sources */,
				04EEE40B1C54C45F00222A3E /* Colors.swift in Sources */,
			);
			runOnlyForDeploymentPostprocessing = 0;
		};
/* End PBXSourcesBuildPhase section */

/* Begin PBXVariantGroup section */
		04CF54DE1C4768A5000BE58D /* Main.storyboard */ = {
			isa = PBXVariantGroup;
			children = (
				04CF54DF1C4768A5000BE58D /* Base */,
			);
			name = Main.storyboard;
			sourceTree = "<group>";
		};
		04CF54E31C4768A5000BE58D /* LaunchScreen.storyboard */ = {
			isa = PBXVariantGroup;
			children = (
				04CF54E41C4768A5000BE58D /* Base */,
			);
			name = LaunchScreen.storyboard;
			sourceTree = "<group>";
		};
/* End PBXVariantGroup section */

/* Begin XCBuildConfiguration section */
		04CF54E71C4768A5000BE58D /* Debug */ = {
			isa = XCBuildConfiguration;
			buildSettings = {
				ALWAYS_SEARCH_USER_PATHS = NO;
				CLANG_CXX_LANGUAGE_STANDARD = "gnu++0x";
				CLANG_CXX_LIBRARY = "libc++";
				CLANG_ENABLE_MODULES = YES;
				CLANG_ENABLE_OBJC_ARC = YES;
				CLANG_WARN_BOOL_CONVERSION = YES;
				CLANG_WARN_CONSTANT_CONVERSION = YES;
				CLANG_WARN_DIRECT_OBJC_ISA_USAGE = YES_ERROR;
				CLANG_WARN_EMPTY_BODY = YES;
				CLANG_WARN_ENUM_CONVERSION = YES;
				CLANG_WARN_INT_CONVERSION = YES;
				CLANG_WARN_OBJC_ROOT_CLASS = YES_ERROR;
				CLANG_WARN_UNREACHABLE_CODE = YES;
				CLANG_WARN__DUPLICATE_METHOD_MATCH = YES;
				"CODE_SIGN_IDENTITY[sdk=iphoneos*]" = "iPhone Developer";
				COPY_PHASE_STRIP = NO;
				DEBUG_INFORMATION_FORMAT = dwarf;
				ENABLE_STRICT_OBJC_MSGSEND = YES;
				ENABLE_TESTABILITY = YES;
				GCC_C_LANGUAGE_STANDARD = gnu99;
				GCC_DYNAMIC_NO_PIC = NO;
				GCC_NO_COMMON_BLOCKS = YES;
				GCC_OPTIMIZATION_LEVEL = 0;
				GCC_PREPROCESSOR_DEFINITIONS = (
					"DEBUG=1",
					"$(inherited)",
				);
				GCC_WARN_64_TO_32_BIT_CONVERSION = YES;
				GCC_WARN_ABOUT_RETURN_TYPE = YES_ERROR;
				GCC_WARN_UNDECLARED_SELECTOR = YES;
				GCC_WARN_UNINITIALIZED_AUTOS = YES_AGGRESSIVE;
				GCC_WARN_UNUSED_FUNCTION = YES;
				GCC_WARN_UNUSED_VARIABLE = YES;
				IPHONEOS_DEPLOYMENT_TARGET = 9.2;
				MTL_ENABLE_DEBUG_INFO = YES;
				ONLY_ACTIVE_ARCH = YES;
				SDKROOT = iphoneos;
				SWIFT_OPTIMIZATION_LEVEL = "-Onone";
			};
			name = Debug;
		};
		04CF54E81C4768A5000BE58D /* Release */ = {
			isa = XCBuildConfiguration;
			buildSettings = {
				ALWAYS_SEARCH_USER_PATHS = NO;
				CLANG_CXX_LANGUAGE_STANDARD = "gnu++0x";
				CLANG_CXX_LIBRARY = "libc++";
				CLANG_ENABLE_MODULES = YES;
				CLANG_ENABLE_OBJC_ARC = YES;
				CLANG_WARN_BOOL_CONVERSION = YES;
				CLANG_WARN_CONSTANT_CONVERSION = YES;
				CLANG_WARN_DIRECT_OBJC_ISA_USAGE = YES_ERROR;
				CLANG_WARN_EMPTY_BODY = YES;
				CLANG_WARN_ENUM_CONVERSION = YES;
				CLANG_WARN_INT_CONVERSION = YES;
				CLANG_WARN_OBJC_ROOT_CLASS = YES_ERROR;
				CLANG_WARN_UNREACHABLE_CODE = YES;
				CLANG_WARN__DUPLICATE_METHOD_MATCH = YES;
				"CODE_SIGN_IDENTITY[sdk=iphoneos*]" = "iPhone Developer";
				COPY_PHASE_STRIP = NO;
				DEBUG_INFORMATION_FORMAT = "dwarf-with-dsym";
				ENABLE_NS_ASSERTIONS = NO;
				ENABLE_STRICT_OBJC_MSGSEND = YES;
				GCC_C_LANGUAGE_STANDARD = gnu99;
				GCC_NO_COMMON_BLOCKS = YES;
				GCC_WARN_64_TO_32_BIT_CONVERSION = YES;
				GCC_WARN_ABOUT_RETURN_TYPE = YES_ERROR;
				GCC_WARN_UNDECLARED_SELECTOR = YES;
				GCC_WARN_UNINITIALIZED_AUTOS = YES_AGGRESSIVE;
				GCC_WARN_UNUSED_FUNCTION = YES;
				GCC_WARN_UNUSED_VARIABLE = YES;
				IPHONEOS_DEPLOYMENT_TARGET = 9.2;
				MTL_ENABLE_DEBUG_INFO = NO;
				SDKROOT = iphoneos;
				VALIDATE_PRODUCT = YES;
			};
			name = Release;
		};
		04CF54EA1C4768A5000BE58D /* Debug */ = {
			isa = XCBuildConfiguration;
			baseConfigurationReference = 0AA1526A71B6182CE9796ADA /* Pods-Flicks.debug.xcconfig */;
			buildSettings = {
				ASSETCATALOG_COMPILER_APPICON_NAME = AppIcon;
				INFOPLIST_FILE = Flicks/Info.plist;
				LD_RUNPATH_SEARCH_PATHS = "$(inherited) @executable_path/Frameworks";
				PRODUCT_BUNDLE_IDENTIFIER = com.flicks.Flicks;
				PRODUCT_NAME = "$(TARGET_NAME)";
			};
			name = Debug;
		};
		04CF54EB1C4768A5000BE58D /* Release */ = {
			isa = XCBuildConfiguration;
			baseConfigurationReference = E4239C024D1B41A57848986A /* Pods-Flicks.release.xcconfig */;
			buildSettings = {
				ASSETCATALOG_COMPILER_APPICON_NAME = AppIcon;
				INFOPLIST_FILE = Flicks/Info.plist;
				LD_RUNPATH_SEARCH_PATHS = "$(inherited) @executable_path/Frameworks";
				PRODUCT_BUNDLE_IDENTIFIER = com.flicks.Flicks;
				PRODUCT_NAME = "$(TARGET_NAME)";
			};
			name = Release;
		};
/* End XCBuildConfiguration section */

/* Begin XCConfigurationList section */
		04CF54D21C4768A5000BE58D /* Build configuration list for PBXProject "Flicks" */ = {
			isa = XCConfigurationList;
			buildConfigurations = (
				04CF54E71C4768A5000BE58D /* Debug */,
				04CF54E81C4768A5000BE58D /* Release */,
			);
			defaultConfigurationIsVisible = 0;
			defaultConfigurationName = Release;
		};
		04CF54E91C4768A5000BE58D /* Build configuration list for PBXNativeTarget "Flicks" */ = {
			isa = XCConfigurationList;
			buildConfigurations = (
				04CF54EA1C4768A5000BE58D /* Debug */,
				04CF54EB1C4768A5000BE58D /* Release */,
			);
			defaultConfigurationIsVisible = 0;
			defaultConfigurationName = Release;
		};
/* End XCConfigurationList section */
	};
	rootObject = 04CF54CF1C4768A5000BE58D /* Project object */;
}
